
Microsoft Visual Studio Solution File, Format Version 12.00
# Visual Studio Version 17
VisualStudioVersion = 17.0.31903.59
MinimumVisualStudioVersion = 10.0.40219.1
Project("{FAE04EC0-301F-11D3-BF4B-00C04F79EFBC}") = "BuberDinner.Contracts", "BuberDinner.Contracts\BuberDinner.Contracts.csproj", "{ECFDAFB9-A8A8-458C-A62A-4DD69A1B10CB}"
EndProject
Project("{FAE04EC0-301F-11D3-BF4B-00C04F79EFBC}") = "BuberDinner.Api", "BuberDinner.Api\BuberDinner.Api.csproj", "{8B0B72F0-275D-422B-BD1E-A8C53B125026}"
EndProject
Project("{FAE04EC0-301F-11D3-BF4B-00C04F79EFBC}") = "BuberDinner.Infrastructure", "BuberDinner.Infrastructure\BuberDinner.Infrastructure.csproj", "{D1A8F9B2-F7CB-4030-9A00-CF2E9A98C21B}"
EndProject
Project("{FAE04EC0-301F-11D3-BF4B-00C04F79EFBC}") = "BuberDinner.Application", "BuberDinner.Application\BuberDinner.Application.csproj", "{14F1F441-75B3-46AE-A884-6B047AE57024}"
EndProject
Project("{FAE04EC0-301F-11D3-BF4B-00C04F79EFBC}") = "BuberDinner.Domain", "BuberDinner.Domain\BuberDinner.Domain.csproj", "{DDBC8D9F-9C8F-4487-AFB6-FB6A79B98E98}"
EndProject
Global
	GlobalSection(SolutionConfigurationPlatforms) = preSolution
		Debug|Any CPU = Debug|Any CPU
		Release|Any CPU = Release|Any CPU
	EndGlobalSection
	GlobalSection(SolutionProperties) = preSolution
		HideSolutionNode = FALSE
	EndGlobalSection
	GlobalSection(ProjectConfigurationPlatforms) = postSolution
		{ECFDAFB9-A8A8-458C-A62A-4DD69A1B10CB}.Debug|Any CPU.ActiveCfg = Debug|Any CPU
		{ECFDAFB9-A8A8-458C-A62A-4DD69A1B10CB}.Debug|Any CPU.Build.0 = Debug|Any CPU
		{ECFDAFB9-A8A8-458C-A62A-4DD69A1B10CB}.Release|Any CPU.ActiveCfg = Release|Any CPU
		{ECFDAFB9-A8A8-458C-A62A-4DD69A1B10CB}.Release|Any CPU.Build.0 = Release|Any CPU
		{8B0B72F0-275D-422B-BD1E-A8C53B125026}.Debug|Any CPU.ActiveCfg = Debug|Any CPU
		{8B0B72F0-275D-422B-BD1E-A8C53B125026}.Debug|Any CPU.Build.0 = Debug|Any CPU
		{8B0B72F0-275D-422B-BD1E-A8C53B125026}.Release|Any CPU.ActiveCfg = Release|Any CPU
		{8B0B72F0-275D-422B-BD1E-A8C53B125026}.Release|Any CPU.Build.0 = Release|Any CPU
		{D1A8F9B2-F7CB-4030-9A00-CF2E9A98C21B}.Debug|Any CPU.ActiveCfg = Debug|Any CPU
		{D1A8F9B2-F7CB-4030-9A00-CF2E9A98C21B}.Debug|Any CPU.Build.0 = Debug|Any CPU
		{D1A8F9B2-F7CB-4030-9A00-CF2E9A98C21B}.Release|Any CPU.ActiveCfg = Release|Any CPU
		{D1A8F9B2-F7CB-4030-9A00-CF2E9A98C21B}.Release|Any CPU.Build.0 = Release|Any CPU
		{14F1F441-75B3-46AE-A884-6B047AE57024}.Debug|Any CPU.ActiveCfg = Debug|Any CPU
		{14F1F441-75B3-46AE-A884-6B047AE57024}.Debug|Any CPU.Build.0 = Debug|Any CPU
		{14F1F441-75B3-46AE-A884-6B047AE57024}.Release|Any CPU.ActiveCfg = Release|Any CPU
		{14F1F441-75B3-46AE-A884-6B047AE57024}.Release|Any CPU.Build.0 = Release|Any CPU
		{DDBC8D9F-9C8F-4487-AFB6-FB6A79B98E98}.Debug|Any CPU.ActiveCfg = Debug|Any CPU
		{DDBC8D9F-9C8F-4487-AFB6-FB6A79B98E98}.Debug|Any CPU.Build.0 = Debug|Any CPU
		{DDBC8D9F-9C8F-4487-AFB6-FB6A79B98E98}.Release|Any CPU.ActiveCfg = Release|Any CPU
		{DDBC8D9F-9C8F-4487-AFB6-FB6A79B98E98}.Release|Any CPU.Build.0 = Release|Any CPU
	EndGlobalSection
EndGlobal
